
Microsoft Visual Studio Solution File, Format Version 12.00
# Visual Studio 15
Project("{FAE04EC0-301F-11D3-BF4B-00C04F79EFBC}") = "TickMe", "TickMe\TickMe.csproj", "{73ED4AA7-037C-4D98-8A8B-6C650FDCA63A}"
EndProject
Project("{FAE04EC0-301F-11D3-BF4B-00C04F79EFBC}") = "TickMeHelpers", "TickMeHelpers\TickMeHelpers.csproj", "{2022BDA5-5181-4698-AE83-C4279D4C1F2E}"
EndProject
Global
	GlobalSection(SolutionConfigurationPlatforms) = preSolution
		Debug|Any CPU = Debug|Any CPU
		Release|Any CPU = Release|Any CPU
	EndGlobalSection
	GlobalSection(ProjectConfigurationPlatforms) = postSolution
		{73ED4AA7-037C-4D98-8A8B-6C650FDCA63A}.Debug|Any CPU.ActiveCfg = Debug|Any CPU
		{73ED4AA7-037C-4D98-8A8B-6C650FDCA63A}.Debug|Any CPU.Build.0 = Debug|Any CPU
		{73ED4AA7-037C-4D98-8A8B-6C650FDCA63A}.Release|Any CPU.ActiveCfg = Release|Any CPU
		{73ED4AA7-037C-4D98-8A8B-6C650FDCA63A}.Release|Any CPU.Build.0 = Release|Any CPU
		{2022BDA5-5181-4698-AE83-C4279D4C1F2E}.Debug|Any CPU.ActiveCfg = Debug|Any CPU
		{2022BDA5-5181-4698-AE83-C4279D4C1F2E}.Debug|Any CPU.Build.0 = Debug|Any CPU
		{2022BDA5-5181-4698-AE83-C4279D4C1F2E}.Release|Any CPU.ActiveCfg = Release|Any CPU
		{2022BDA5-5181-4698-AE83-C4279D4C1F2E}.Release|Any CPU.Build.0 = Release|Any CPU
	EndGlobalSection
EndGlobal
